
Microsoft Visual Studio Solution File, Format Version 12.00
# Visual Studio Version 16
VisualStudioVersion = 16.0.31515.178
MinimumVisualStudioVersion = 10.0.40219.1
Project("{FAE04EC0-301F-11D3-BF4B-00C04F79EFBC}") = "PrintMultiplicationTable", "PrintMultiplicationTable\PrintMultiplicationTable.csproj", "{24171269-40C0-442B-8833-72DCFD96561F}"
EndProject
Global
	GlobalSection(SolutionConfigurationPlatforms) = preSolution
		Debug|Any CPU = Debug|Any CPU
		Release|Any CPU = Release|Any CPU
	EndGlobalSection
	GlobalSection(ProjectConfigurationPlatforms) = postSolution
		{24171269-40C0-442B-8833-72DCFD96561F}.Debug|Any CPU.ActiveCfg = Debug|Any CPU
		{24171269-40C0-442B-8833-72DCFD96561F}.Debug|Any CPU.Build.0 = Debug|Any CPU
		{24171269-40C0-442B-8833-72DCFD96561F}.Release|Any CPU.ActiveCfg = Release|Any CPU
		{24171269-40C0-442B-8833-72DCFD96561F}.Release|Any CPU.Build.0 = Release|Any CPU
	EndGlobalSection
	GlobalSection(SolutionProperties) = preSolution
		HideSolutionNode = FALSE
	EndGlobalSection
	GlobalSection(ExtensibilityGlobals) = postSolution
		SolutionGuid = {90F9140E-E1AB-42A4-A936-43CE44378E61}
	EndGlobalSection
EndGlobal
