
Microsoft Visual Studio Solution File, Format Version 12.00
# Visual Studio Version 16
VisualStudioVersion = 16.0.31515.178
MinimumVisualStudioVersion = 10.0.40219.1
Project("{FAE04EC0-301F-11D3-BF4B-00C04F79EFBC}") = "DivisionOfTwoNumbers", "DivisionOfTwoNumbers\DivisionOfTwoNumbers.csproj", "{D2DBB40F-DCF4-4B2A-83E0-6A99B8D73F03}"
EndProject
Global
	GlobalSection(SolutionConfigurationPlatforms) = preSolution
		Debug|Any CPU = Debug|Any CPU
		Release|Any CPU = Release|Any CPU
	EndGlobalSection
	GlobalSection(ProjectConfigurationPlatforms) = postSolution
		{D2DBB40F-DCF4-4B2A-83E0-6A99B8D73F03}.Debug|Any CPU.ActiveCfg = Debug|Any CPU
		{D2DBB40F-DCF4-4B2A-83E0-6A99B8D73F03}.Debug|Any CPU.Build.0 = Debug|Any CPU
		{D2DBB40F-DCF4-4B2A-83E0-6A99B8D73F03}.Release|Any CPU.ActiveCfg = Release|Any CPU
		{D2DBB40F-DCF4-4B2A-83E0-6A99B8D73F03}.Release|Any CPU.Build.0 = Release|Any CPU
	EndGlobalSection
	GlobalSection(SolutionProperties) = preSolution
		HideSolutionNode = FALSE
	EndGlobalSection
	GlobalSection(ExtensibilityGlobals) = postSolution
		SolutionGuid = {78A3B0C3-7FC5-49C8-A049-8561683B2E8C}
	EndGlobalSection
EndGlobal
